{
  "nodes": {
    "crane": {
      "inputs": {
        "nixpkgs": [
          "nixpkgs"
        ]
      },
      "locked": {
        "lastModified": 1697677553,
        "narHash": "sha256-ozj7HFo/1iQdzZ2U6tHP4QBW59eUbDZ/5HI8lLe9wos=",
        "owner": "ipetkov",
        "repo": "crane",
        "rev": "bc5fa8cd53ef32b9b827f24b993c42a8c4dd913b",
        "type": "github"
      },
      "original": {
        "owner": "ipetkov",
        "repo": "crane",
        "type": "github"
      }
    },
    "fenix": {
      "inputs": {
        "nixpkgs": [
          "nixpkgs"
        ],
        "rust-analyzer-src": "rust-analyzer-src"
      },
      "locked": {
        "lastModified": 1697696548,
        "narHash": "sha256-653vv/6fwAaLnsm97S+BIAa7OsSlVv9FZIqTzlg4jXQ=",
        "owner": "nix-community",
        "repo": "fenix",
        "rev": "9d8534763043e7761b6872e6210d3a68ea2f296c",
        "type": "github"
      },
      "original": {
        "owner": "nix-community",
        "repo": "fenix",
        "type": "github"
      }
    },
    "flake-utils": {
      "locked": {
        "lastModified": 1659877975,
        "narHash": "sha256-zllb8aq3YO3h8B/U0/J1WBgAL8EX5yWf5pMj3G0NAmc=",
        "owner": "numtide",
        "repo": "flake-utils",
        "rev": "c0e246b9b83f637f4681389ecabcb2681b4f3af0",
        "type": "github"
      },
      "original": {
        "owner": "numtide",
        "repo": "flake-utils",
        "type": "github"
      }
    },
    "nixpkgs": {
      "locked": {
        "lastModified": 1697742333,
        "narHash": "sha256-USYUnNhWB4MdGQCcE/0lFnR51D2vFr6VqCX8xjTqjRQ=",
        "owner": "NixOS",
        "repo": "nixpkgs",
        "rev": "2e7758c1187c4afc7a90332ff6a396555c276f3b",
        "type": "github"
      },
      "original": {
        "owner": "NixOS",
        "repo": "nixpkgs",
        "type": "github"
      }
    },
    "root": {
      "inputs": {
        "crane": "crane",
        "fenix": "fenix",
        "flake-utils": "flake-utils",
        "nixpkgs": "nixpkgs"
      }
    },
    "rust-analyzer-src": {
      "flake": false,
      "locked": {
        "lastModified": 1697631181,
        "narHash": "sha256-W1EWCDHVZTAv1Xp4xirCqaYlHZLIWShVVBk2YQIRcXE=",
        "owner": "rust-lang",
        "repo": "rust-analyzer",
        "rev": "4586a6b26cd5a975a1826c0cfd9004a9bce3d7fd",
        "type": "github"
      },
      "original": {
        "owner": "rust-lang",
        "ref": "nightly",
        "repo": "rust-analyzer",
        "type": "github"
      }
    }
  },
  "root": "root",
  "version": 7
}
